
Microsoft Visual Studio Solution File, Format Version 12.00
# Visual Studio 2013
Project("{FAE04EC0-301F-11D3-BF4B-00C04F79EFBC}") = "UI.CSharp", "UI.CSharp.csproj", "{27A5DA57-7A77-47C6-A985-961172A1AA21}"
EndProject
Project("{FAE04EC0-301F-11D3-BF4B-00C04F79EFBC}") = "UI.CSharp.Editor", "UI.CSharp.Editor.csproj", "{2A6EBF79-2D0F-2424-A02E-B52D7437FA04}"
EndProject
Global
	GlobalSection(SolutionConfigurationPlatforms) = preSolution
		Debug|Any CPU = Debug|Any CPU
		Release|Any CPU = Release|Any CPU
	EndGlobalSection
	GlobalSection(ProjectConfigurationPlatforms) = postSolution
		{27A5DA57-7A77-47C6-A985-961172A1AA21}.Debug|Any CPU.ActiveCfg = Debug|Any CPU
		{27A5DA57-7A77-47C6-A985-961172A1AA21}.Debug|Any CPU.Build.0 = Debug|Any CPU
		{27A5DA57-7A77-47C6-A985-961172A1AA21}.Release|Any CPU.ActiveCfg = Release|Any CPU
		{27A5DA57-7A77-47C6-A985-961172A1AA21}.Release|Any CPU.Build.0 = Release|Any CPU
		{2A6EBF79-2D0F-2424-A02E-B52D7437FA04}.Debug|Any CPU.ActiveCfg = Debug|Any CPU
		{2A6EBF79-2D0F-2424-A02E-B52D7437FA04}.Debug|Any CPU.Build.0 = Debug|Any CPU
		{2A6EBF79-2D0F-2424-A02E-B52D7437FA04}.Release|Any CPU.ActiveCfg = Release|Any CPU
		{2A6EBF79-2D0F-2424-A02E-B52D7437FA04}.Release|Any CPU.Build.0 = Release|Any CPU
	EndGlobalSection
	GlobalSection(SolutionProperties) = preSolution
		HideSolutionNode = FALSE
	EndGlobalSection
EndGlobal
